<?xml version="1.0" encoding="utf-8"?>
<Project ToolsVersion="4.0" xmlns="http://schemas.microsoft.com/developer/msbuild/2003">
  <ItemGroup>
    <ClCompile Include="..\src\BitStream.cpp" />
    <ClCompile Include="..\src\Compressor.cpp" />
    <ClCompile Include="..\src\Main.cpp" />
    <ClCompile Include="..\src\OptimalParser.cpp" />
    <ClCompile Include="..\src\UniversalCodes.cpp" />
    <ClCompile Include="..\src\Decompressor.cpp" />
  </ItemGroup>
  <ItemGroup>
    <ClInclude Include="..\src\BitStream.h" />
    <ClInclude Include="..\src\Compressor.h" />
    <ClInclude Include="..\src\OptimalParser.h" />
    <ClInclude Include="..\src\UniversalCodes.h" />
  </ItemGroup>
</Project>